
Microsoft Visual Studio Solution File, Format Version 12.00
# Visual Studio Version 16
VisualStudioVersion = 16.0.31911.196
MinimumVisualStudioVersion = 10.0.40219.1
Project("{FAE04EC0-301F-11D3-BF4B-00C04F79EFBC}") = "Labb3Kompl", "Labb3Kompl\Labb3Kompl.csproj", "{E26467A4-C12B-4BD1-BD7B-94E4B36FAC6B}"
EndProject
Global
	GlobalSection(SolutionConfigurationPlatforms) = preSolution
		Debug|Any CPU = Debug|Any CPU
		Release|Any CPU = Release|Any CPU
	EndGlobalSection
	GlobalSection(ProjectConfigurationPlatforms) = postSolution
		{E26467A4-C12B-4BD1-BD7B-94E4B36FAC6B}.Debug|Any CPU.ActiveCfg = Debug|Any CPU
		{E26467A4-C12B-4BD1-BD7B-94E4B36FAC6B}.Debug|Any CPU.Build.0 = Debug|Any CPU
		{E26467A4-C12B-4BD1-BD7B-94E4B36FAC6B}.Release|Any CPU.ActiveCfg = Release|Any CPU
		{E26467A4-C12B-4BD1-BD7B-94E4B36FAC6B}.Release|Any CPU.Build.0 = Release|Any CPU
	EndGlobalSection
	GlobalSection(SolutionProperties) = preSolution
		HideSolutionNode = FALSE
	EndGlobalSection
	GlobalSection(ExtensibilityGlobals) = postSolution
		SolutionGuid = {2AA33A67-C766-45ED-9CF4-0106080FFAE8}
	EndGlobalSection
EndGlobal
